
Microsoft Visual Studio Solution File, Format Version 12.00
# Visual Studio Version 16
VisualStudioVersion = 16.0.30621.155
MinimumVisualStudioVersion = 10.0.40219.1
Project("{8BC9CEB8-8B4A-11D0-8D11-00A0C91BC942}") = "AdventureGuildManager", "AdventureGuildManager\AdventureGuildManager.vcxproj", "{FD37C5AC-8DE8-4495-A52A-0C431CFB0E2D}"
EndProject
Project("{2150E333-8FDC-42A3-9474-1A3956D46DE8}") = "Documentation", "Documentation", "{2E4EBF8F-F7E3-4DAF-BC85-1AFD3D73F2B2}"
	ProjectSection(SolutionItems) = preProject
		Documentation\OLD_CurrentSpecification.md = Documentation\OLD_CurrentSpecification.md
		Documentation\OLD_ImplementationSpecification.md = Documentation\OLD_ImplementationSpecification.md
		Documentation\OLD_OriginalSpecification.md = Documentation\OLD_OriginalSpecification.md
		Documentation\ProgrammerDocumentation.md = Documentation\ProgrammerDocumentation.md
		Documentation\UserDocumentation.md = Documentation\UserDocumentation.md
	EndProjectSection
EndProject
Global
	GlobalSection(SolutionConfigurationPlatforms) = preSolution
		Debug|x64 = Debug|x64
		Release|x64 = Release|x64
	EndGlobalSection
	GlobalSection(ProjectConfigurationPlatforms) = postSolution
		{FD37C5AC-8DE8-4495-A52A-0C431CFB0E2D}.Debug|x64.ActiveCfg = Debug|x64
		{FD37C5AC-8DE8-4495-A52A-0C431CFB0E2D}.Debug|x64.Build.0 = Debug|x64
		{FD37C5AC-8DE8-4495-A52A-0C431CFB0E2D}.Release|x64.ActiveCfg = Release|x64
		{FD37C5AC-8DE8-4495-A52A-0C431CFB0E2D}.Release|x64.Build.0 = Release|x64
	EndGlobalSection
	GlobalSection(SolutionProperties) = preSolution
		HideSolutionNode = FALSE
	EndGlobalSection
	GlobalSection(ExtensibilityGlobals) = postSolution
		SolutionGuid = {61CB2A7A-41B5-4ED9-853B-78AD392181C5}
	EndGlobalSection
EndGlobal
